
Microsoft Visual Studio Solution File, Format Version 12.00
# Visual Studio Version 17
VisualStudioVersion = 17.6.33829.357
MinimumVisualStudioVersion = 10.0.40219.1
Project("{FAE04EC0-301F-11D3-BF4B-00C04F79EFBC}") = "ListaAnimales", "ListaAnimales\ListaAnimales.csproj", "{7DADE6A1-135D-4585-8745-59D439D3A34C}"
EndProject
Project("{FAE04EC0-301F-11D3-BF4B-00C04F79EFBC}") = "Class.BE", "Class.BE\Class.BE.csproj", "{EC9966B6-B7BC-4324-A49B-62BC75CCE640}"
EndProject
Global
	GlobalSection(SolutionConfigurationPlatforms) = preSolution
		Debug|Any CPU = Debug|Any CPU
		Release|Any CPU = Release|Any CPU
	EndGlobalSection
	GlobalSection(ProjectConfigurationPlatforms) = postSolution
		{7DADE6A1-135D-4585-8745-59D439D3A34C}.Debug|Any CPU.ActiveCfg = Debug|Any CPU
		{7DADE6A1-135D-4585-8745-59D439D3A34C}.Debug|Any CPU.Build.0 = Debug|Any CPU
		{7DADE6A1-135D-4585-8745-59D439D3A34C}.Release|Any CPU.ActiveCfg = Release|Any CPU
		{7DADE6A1-135D-4585-8745-59D439D3A34C}.Release|Any CPU.Build.0 = Release|Any CPU
		{EC9966B6-B7BC-4324-A49B-62BC75CCE640}.Debug|Any CPU.ActiveCfg = Debug|Any CPU
		{EC9966B6-B7BC-4324-A49B-62BC75CCE640}.Debug|Any CPU.Build.0 = Debug|Any CPU
		{EC9966B6-B7BC-4324-A49B-62BC75CCE640}.Release|Any CPU.ActiveCfg = Release|Any CPU
		{EC9966B6-B7BC-4324-A49B-62BC75CCE640}.Release|Any CPU.Build.0 = Release|Any CPU
	EndGlobalSection
	GlobalSection(SolutionProperties) = preSolution
		HideSolutionNode = FALSE
	EndGlobalSection
	GlobalSection(ExtensibilityGlobals) = postSolution
		SolutionGuid = {3196032A-3D28-421C-B9F6-C28FF79A4BB8}
	EndGlobalSection
EndGlobal
